
Microsoft Visual Studio Solution File, Format Version 11.00
# Visual C# Express 2010
Project("{FAE04EC0-301F-11D3-BF4B-00C04F79EFBC}") = "SigningTimeAttributeReader", "SigningTimeAttributeReader\SigningTimeAttributeReader.csproj", "{0C47D15B-C149-4C7F-99D0-A487D126FE04}"
EndProject
Project("{FAE04EC0-301F-11D3-BF4B-00C04F79EFBC}") = "SignatureInfo2", "SignatureInfo2\SignatureInfo2.csproj", "{45AF8E37-D308-4CB2-A936-2A482ED1B34D}"
EndProject
Project("{FAE04EC0-301F-11D3-BF4B-00C04F79EFBC}") = "StringSigner", "StringSigner\StringSigner.csproj", "{37853FF8-1072-4E0D-9F9D-A52A95479DE8}"
EndProject
Project("{FAE04EC0-301F-11D3-BF4B-00C04F79EFBC}") = "SignatureInfo1", "SignatureInfo1\SignatureInfo1.csproj", "{6A41041C-5EB6-4A6D-9291-C21286A6BFF6}"
EndProject
Project("{FAE04EC0-301F-11D3-BF4B-00C04F79EFBC}") = "OcspClient", "OcspClient\OcspClient.csproj", "{C4CB89D3-6AE4-4654-8D3F-9189332B6617}"
EndProject
Global
	GlobalSection(SolutionConfigurationPlatforms) = preSolution
		Debug|Any CPU = Debug|Any CPU
		Debug|Mixed Platforms = Debug|Mixed Platforms
		Debug|x86 = Debug|x86
		Release|Any CPU = Release|Any CPU
		Release|Mixed Platforms = Release|Mixed Platforms
		Release|x86 = Release|x86
	EndGlobalSection
	GlobalSection(ProjectConfigurationPlatforms) = postSolution
		{0C47D15B-C149-4C7F-99D0-A487D126FE04}.Debug|Any CPU.ActiveCfg = Debug|x86
		{0C47D15B-C149-4C7F-99D0-A487D126FE04}.Debug|Mixed Platforms.ActiveCfg = Debug|x86
		{0C47D15B-C149-4C7F-99D0-A487D126FE04}.Debug|Mixed Platforms.Build.0 = Debug|x86
		{0C47D15B-C149-4C7F-99D0-A487D126FE04}.Debug|x86.ActiveCfg = Debug|x86
		{0C47D15B-C149-4C7F-99D0-A487D126FE04}.Debug|x86.Build.0 = Debug|x86
		{0C47D15B-C149-4C7F-99D0-A487D126FE04}.Release|Any CPU.ActiveCfg = Release|x86
		{0C47D15B-C149-4C7F-99D0-A487D126FE04}.Release|Mixed Platforms.ActiveCfg = Release|x86
		{0C47D15B-C149-4C7F-99D0-A487D126FE04}.Release|Mixed Platforms.Build.0 = Release|x86
		{0C47D15B-C149-4C7F-99D0-A487D126FE04}.Release|x86.ActiveCfg = Release|x86
		{0C47D15B-C149-4C7F-99D0-A487D126FE04}.Release|x86.Build.0 = Release|x86
		{45AF8E37-D308-4CB2-A936-2A482ED1B34D}.Debug|Any CPU.ActiveCfg = Debug|x86
		{45AF8E37-D308-4CB2-A936-2A482ED1B34D}.Debug|Mixed Platforms.ActiveCfg = Debug|x86
		{45AF8E37-D308-4CB2-A936-2A482ED1B34D}.Debug|Mixed Platforms.Build.0 = Debug|x86
		{45AF8E37-D308-4CB2-A936-2A482ED1B34D}.Debug|x86.ActiveCfg = Debug|x86
		{45AF8E37-D308-4CB2-A936-2A482ED1B34D}.Debug|x86.Build.0 = Debug|x86
		{45AF8E37-D308-4CB2-A936-2A482ED1B34D}.Release|Any CPU.ActiveCfg = Release|x86
		{45AF8E37-D308-4CB2-A936-2A482ED1B34D}.Release|Mixed Platforms.ActiveCfg = Release|x86
		{45AF8E37-D308-4CB2-A936-2A482ED1B34D}.Release|Mixed Platforms.Build.0 = Release|x86
		{45AF8E37-D308-4CB2-A936-2A482ED1B34D}.Release|x86.ActiveCfg = Release|x86
		{45AF8E37-D308-4CB2-A936-2A482ED1B34D}.Release|x86.Build.0 = Release|x86
		{37853FF8-1072-4E0D-9F9D-A52A95479DE8}.Debug|Any CPU.ActiveCfg = Debug|x86
		{37853FF8-1072-4E0D-9F9D-A52A95479DE8}.Debug|Mixed Platforms.ActiveCfg = Debug|x86
		{37853FF8-1072-4E0D-9F9D-A52A95479DE8}.Debug|Mixed Platforms.Build.0 = Debug|x86
		{37853FF8-1072-4E0D-9F9D-A52A95479DE8}.Debug|x86.ActiveCfg = Debug|x86
		{37853FF8-1072-4E0D-9F9D-A52A95479DE8}.Debug|x86.Build.0 = Debug|x86
		{37853FF8-1072-4E0D-9F9D-A52A95479DE8}.Release|Any CPU.ActiveCfg = Release|x86
		{37853FF8-1072-4E0D-9F9D-A52A95479DE8}.Release|Mixed Platforms.ActiveCfg = Release|x86
		{37853FF8-1072-4E0D-9F9D-A52A95479DE8}.Release|Mixed Platforms.Build.0 = Release|x86
		{37853FF8-1072-4E0D-9F9D-A52A95479DE8}.Release|x86.ActiveCfg = Release|x86
		{37853FF8-1072-4E0D-9F9D-A52A95479DE8}.Release|x86.Build.0 = Release|x86
		{6A41041C-5EB6-4A6D-9291-C21286A6BFF6}.Debug|Any CPU.ActiveCfg = Debug|x86
		{6A41041C-5EB6-4A6D-9291-C21286A6BFF6}.Debug|Mixed Platforms.ActiveCfg = Debug|x86
		{6A41041C-5EB6-4A6D-9291-C21286A6BFF6}.Debug|Mixed Platforms.Build.0 = Debug|x86
		{6A41041C-5EB6-4A6D-9291-C21286A6BFF6}.Debug|x86.ActiveCfg = Debug|x86
		{6A41041C-5EB6-4A6D-9291-C21286A6BFF6}.Debug|x86.Build.0 = Debug|x86
		{6A41041C-5EB6-4A6D-9291-C21286A6BFF6}.Release|Any CPU.ActiveCfg = Release|x86
		{6A41041C-5EB6-4A6D-9291-C21286A6BFF6}.Release|Mixed Platforms.ActiveCfg = Release|x86
		{6A41041C-5EB6-4A6D-9291-C21286A6BFF6}.Release|Mixed Platforms.Build.0 = Release|x86
		{6A41041C-5EB6-4A6D-9291-C21286A6BFF6}.Release|x86.ActiveCfg = Release|x86
		{6A41041C-5EB6-4A6D-9291-C21286A6BFF6}.Release|x86.Build.0 = Release|x86
		{C4CB89D3-6AE4-4654-8D3F-9189332B6617}.Debug|Any CPU.ActiveCfg = Debug|Any CPU
		{C4CB89D3-6AE4-4654-8D3F-9189332B6617}.Debug|Any CPU.Build.0 = Debug|Any CPU
		{C4CB89D3-6AE4-4654-8D3F-9189332B6617}.Debug|Mixed Platforms.ActiveCfg = Debug|Any CPU
		{C4CB89D3-6AE4-4654-8D3F-9189332B6617}.Debug|Mixed Platforms.Build.0 = Debug|Any CPU
		{C4CB89D3-6AE4-4654-8D3F-9189332B6617}.Debug|x86.ActiveCfg = Debug|Any CPU
		{C4CB89D3-6AE4-4654-8D3F-9189332B6617}.Release|Any CPU.ActiveCfg = Release|Any CPU
		{C4CB89D3-6AE4-4654-8D3F-9189332B6617}.Release|Any CPU.Build.0 = Release|Any CPU
		{C4CB89D3-6AE4-4654-8D3F-9189332B6617}.Release|Mixed Platforms.ActiveCfg = Release|Any CPU
		{C4CB89D3-6AE4-4654-8D3F-9189332B6617}.Release|Mixed Platforms.Build.0 = Release|Any CPU
		{C4CB89D3-6AE4-4654-8D3F-9189332B6617}.Release|x86.ActiveCfg = Release|Any CPU
	EndGlobalSection
	GlobalSection(SolutionProperties) = preSolution
		HideSolutionNode = FALSE
	EndGlobalSection
EndGlobal
